{
  "lockfile_version": "1",
  "packages": {
    "awscli": {
      "resolved": "github:NixOS/nixpkgs/75a52265bda7fd25e06e3a67dee3f0354e73243c#awscli",
      "source": "nixpkg",
      "systems": {
        "x86_64-linux": {
          "outputs": [
            {
              "path": "/nix/store/08wriqg5bdcpkvkjr1bmsfg9kq0vqnpf-awscli-1.29.9",
              "default": true
            }
          ]
        }
      }
    },
    "direnv": {
      "resolved": "github:NixOS/nixpkgs/75a52265bda7fd25e06e3a67dee3f0354e73243c#direnv",
      "source": "nixpkg",
      "systems": {
        "x86_64-linux": {
          "outputs": [
            {
              "path": "/nix/store/83qm9rii0sd5251bjv8344bz9gg423a9-direnv-2.32.3",
              "default": true
            }
          ]
        }
      }
    },
    "docker": {
      "resolved": "github:NixOS/nixpkgs/75a52265bda7fd25e06e3a67dee3f0354e73243c#docker",
      "source": "nixpkg",
      "systems": {
        "x86_64-linux": {
          "outputs": [
            {
              "path": "/nix/store/lxsvr9qjzamnc9smwr1m4gd4k7r2jzld-docker-20.10.26",
              "default": true
            },
            {
              "name": "man",
              "path": "/nix/store/lddgshfw5zbv4f3nhhrz3mh8sxyi2wcj-docker-20.10.26-man",
              "default": true
            }
          ]
        }
      }
    },
    "git": {
      "resolved": "github:NixOS/nixpkgs/75a52265bda7fd25e06e3a67dee3f0354e73243c#git",
      "source": "nixpkg",
      "systems": {
        "x86_64-linux": {
          "outputs": [
            {
              "path": "/nix/store/whwwhd6ns271bj0ff86ap37i9r9kzi9c-git-2.42.0",
              "default": true
            }
          ]
        }
      }
    },
    "go@latest": {
      "last_modified": "2024-12-23T21:10:33Z",
      "resolved": "github:NixOS/nixpkgs/de1864217bfa9b5845f465e771e0ecb48b30e02d#go",
      "source": "devbox-search",
      "version": "1.23.4",
      "systems": {
        "aarch64-darwin": {
          "outputs": [
            {
              "name": "out",
              "path": "/nix/store/bva4mymi5b2lhvvbccx8ipws89rar1d8-go-1.23.4",
              "default": true
            }
          ],
          "store_path": "/nix/store/bva4mymi5b2lhvvbccx8ipws89rar1d8-go-1.23.4"
        },
        "aarch64-linux": {
          "outputs": [
            {
              "name": "out",
              "path": "/nix/store/9lvi0l2yf6bwamsjs5d5n9i57c6kbd2c-go-1.23.4",
              "default": true
            }
          ],
          "store_path": "/nix/store/9lvi0l2yf6bwamsjs5d5n9i57c6kbd2c-go-1.23.4"
        },
        "x86_64-darwin": {
          "outputs": [
            {
              "name": "out",
              "path": "/nix/store/sf1y7x29wvp9lppx5ya9h5b42fcmxb32-go-1.23.4",
              "default": true
            }
          ],
          "store_path": "/nix/store/sf1y7x29wvp9lppx5ya9h5b42fcmxb32-go-1.23.4"
        },
        "x86_64-linux": {
          "outputs": [
            {
              "name": "out",
              "path": "/nix/store/jfv85qbj4vb1dafcg6kncg4vrbq2bbxv-go-1.23.4",
              "default": true
            }
          ],
          "store_path": "/nix/store/jfv85qbj4vb1dafcg6kncg4vrbq2bbxv-go-1.23.4"
        }
      }
    },
    "helm": {
      "resolved": "github:NixOS/nixpkgs/75a52265bda7fd25e06e3a67dee3f0354e73243c#helm",
      "source": "nixpkg",
      "systems": {
        "x86_64-linux": {
          "outputs": [
            {
              "path": "/nix/store/gllj5c99n192dkh12gdf85ngsik3z289-helm-0.9.0",
              "default": true
            }
          ]
        }
      }
    },
    "jq": {
      "resolved": "github:NixOS/nixpkgs/75a52265bda7fd25e06e3a67dee3f0354e73243c#jq",
      "source": "nixpkg",
      "systems": {
        "x86_64-linux": {
          "outputs": [
            {
              "name": "man",
              "path": "/nix/store/rm5a5xbks5f7q9ha9zs6lzxyvhk8ann2-jq-1.7-man",
              "default": true
            },
            {
              "name": "bin",
              "path": "/nix/store/9i6mxk2gfi6l6p7p5l1q02hp54xfkp94-jq-1.7-bin",
              "default": true
            }
          ]
        }
      }
    },
    "k9s": {
      "resolved": "github:NixOS/nixpkgs/75a52265bda7fd25e06e3a67dee3f0354e73243c#k9s",
      "source": "nixpkg",
      "systems": {
        "x86_64-linux": {
          "outputs": [
            {
              "path": "/nix/store/w1986f7rbhgrcpda4nxbp24n9zpnqqrx-k9s-0.27.4",
              "default": true
            }
          ]
        }
      }
    },
    "kind": {
      "resolved": "github:NixOS/nixpkgs/75a52265bda7fd25e06e3a67dee3f0354e73243c#kind",
      "source": "nixpkg",
      "systems": {
        "x86_64-linux": {
          "outputs": [
            {
              "path": "/nix/store/d9mm4mpi9995zvnbhxr8pwpckyd8b8r3-kind-0.20.0",
              "default": true
            }
          ]
        }
      }
    },
    "kubectl": {
      "resolved": "github:NixOS/nixpkgs/75a52265bda7fd25e06e3a67dee3f0354e73243c#kubectl",
      "source": "nixpkg",
      "systems": {
        "x86_64-linux": {
          "outputs": [
            {
              "path": "/nix/store/k3bhqxjgpxzlb6i28cyaxp84p13ky5q8-kubectl-1.28.3",
              "default": true
            },
            {
              "name": "man",
              "path": "/nix/store/n591fkha0bzh2vikpwzvqp34ffvw5r4g-kubectl-1.28.3-man",
              "default": true
            }
          ]
        }
      }
    },
    "tilt": {
      "resolved": "github:NixOS/nixpkgs/75a52265bda7fd25e06e3a67dee3f0354e73243c#tilt",
      "source": "nixpkg",
      "systems": {
        "x86_64-linux": {
          "outputs": [
            {
              "path": "/nix/store/554jj5q5d4rknd3gzhcac9iwffwavc0h-tilt-0.33.6",
              "default": true
            }
          ]
        }
      }
    },
    "yq": {
      "resolved": "github:NixOS/nixpkgs/75a52265bda7fd25e06e3a67dee3f0354e73243c#yq",
      "source": "nixpkg",
      "systems": {
        "x86_64-linux": {
          "outputs": [
            {
              "path": "/nix/store/6a8ijysyzhxzw7772zdhdbkrlg9qz2rq-python3.11-yq-3.2.3",
              "default": true
            }
          ]
        }
      }
    }
  }
}
